
Microsoft Visual Studio Solution File, Format Version 12.00
# Visual Studio Version 17
VisualStudioVersion = 17.13.35931.197 d17.13
MinimumVisualStudioVersion = 10.0.40219.1
Project("{FAE04EC0-301F-11D3-BF4B-00C04F79EFBC}") = "ChallengeApp", "ChallengeApp\ChallengeApp.csproj", "{42B71D88-1038-42AA-AC37-B50E29E79C15}"
EndProject
Global
	GlobalSection(SolutionConfigurationPlatforms) = preSolution
		Debug|Any CPU = Debug|Any CPU
		Release|Any CPU = Release|Any CPU
	EndGlobalSection
	GlobalSection(ProjectConfigurationPlatforms) = postSolution
		{42B71D88-1038-42AA-AC37-B50E29E79C15}.Debug|Any CPU.ActiveCfg = Debug|Any CPU
		{42B71D88-1038-42AA-AC37-B50E29E79C15}.Debug|Any CPU.Build.0 = Debug|Any CPU
		{42B71D88-1038-42AA-AC37-B50E29E79C15}.Release|Any CPU.ActiveCfg = Release|Any CPU
		{42B71D88-1038-42AA-AC37-B50E29E79C15}.Release|Any CPU.Build.0 = Release|Any CPU
	EndGlobalSection
	GlobalSection(SolutionProperties) = preSolution
		HideSolutionNode = FALSE
	EndGlobalSection
	GlobalSection(ExtensibilityGlobals) = postSolution
		SolutionGuid = {F045BB0A-8819-4565-8EC8-4F16AA64C72F}
	EndGlobalSection
EndGlobal
